
Microsoft Visual Studio Solution File, Format Version 12.00
# Visual Studio Version 17
VisualStudioVersion = 17.0.31903.59
MinimumVisualStudioVersion = 10.0.40219.1
Project("{FAE04EC0-301F-11D3-BF4B-00C04F79EFBC}") = "NWS.NET.Api", "Api\NWS.NET.Api.csproj", "{F29C415A-90CA-4D64-BF39-6082FB2D66A6}"
EndProject
Project("{FAE04EC0-301F-11D3-BF4B-00C04F79EFBC}") = "NWS.NET.Common", "Common\NWS.NET.Common.csproj", "{A105FE82-C997-40AA-A5DE-37832BFE08F8}"
EndProject
Project("{FAE04EC0-301F-11D3-BF4B-00C04F79EFBC}") = "NWS", "NWS\NWS.csproj", "{B42236C6-D19A-4057-922F-CAFA6251FB60}"
EndProject
Project("{FAE04EC0-301F-11D3-BF4B-00C04F79EFBC}") = "NWS.NET.Tests", "Tests\NWS.NET.Tests.csproj", "{71597472-5A50-4D1C-AB8C-7028CD5C23FA}"
EndProject
Global
	GlobalSection(SolutionConfigurationPlatforms) = preSolution
		Debug|Any CPU = Debug|Any CPU
		Release|Any CPU = Release|Any CPU
	EndGlobalSection
	GlobalSection(SolutionProperties) = preSolution
		HideSolutionNode = FALSE
	EndGlobalSection
	GlobalSection(ProjectConfigurationPlatforms) = postSolution
		{F29C415A-90CA-4D64-BF39-6082FB2D66A6}.Debug|Any CPU.ActiveCfg = Debug|Any CPU
		{F29C415A-90CA-4D64-BF39-6082FB2D66A6}.Debug|Any CPU.Build.0 = Debug|Any CPU
		{F29C415A-90CA-4D64-BF39-6082FB2D66A6}.Release|Any CPU.ActiveCfg = Release|Any CPU
		{F29C415A-90CA-4D64-BF39-6082FB2D66A6}.Release|Any CPU.Build.0 = Release|Any CPU
		{A105FE82-C997-40AA-A5DE-37832BFE08F8}.Debug|Any CPU.ActiveCfg = Debug|Any CPU
		{A105FE82-C997-40AA-A5DE-37832BFE08F8}.Debug|Any CPU.Build.0 = Debug|Any CPU
		{A105FE82-C997-40AA-A5DE-37832BFE08F8}.Release|Any CPU.ActiveCfg = Release|Any CPU
		{A105FE82-C997-40AA-A5DE-37832BFE08F8}.Release|Any CPU.Build.0 = Release|Any CPU
		{B42236C6-D19A-4057-922F-CAFA6251FB60}.Debug|Any CPU.ActiveCfg = Debug|Any CPU
		{B42236C6-D19A-4057-922F-CAFA6251FB60}.Debug|Any CPU.Build.0 = Debug|Any CPU
		{B42236C6-D19A-4057-922F-CAFA6251FB60}.Release|Any CPU.ActiveCfg = Release|Any CPU
		{B42236C6-D19A-4057-922F-CAFA6251FB60}.Release|Any CPU.Build.0 = Release|Any CPU
		{71597472-5A50-4D1C-AB8C-7028CD5C23FA}.Debug|Any CPU.ActiveCfg = Debug|Any CPU
		{71597472-5A50-4D1C-AB8C-7028CD5C23FA}.Debug|Any CPU.Build.0 = Debug|Any CPU
		{71597472-5A50-4D1C-AB8C-7028CD5C23FA}.Release|Any CPU.ActiveCfg = Release|Any CPU
		{71597472-5A50-4D1C-AB8C-7028CD5C23FA}.Release|Any CPU.Build.0 = Release|Any CPU
	EndGlobalSection
EndGlobal
